{
    "_meta": {
        "hash": {
            "sha256": "fd780ac6e84982892c1978419a24ee31c4afd1d780850f5eb6905bd5af21d11f"
        },
        "pipfile-spec": 6,
        "requires": {
            "python_version": "3.11.3"
        },
        "sources": [
            {
                "name": "pypi",
                "url": "https://pypi.org/simple",
                "verify_ssl": true
            }
        ]
    },
    "default": {
        "dlib": {
            "hashes": [
                "sha256:e8d3ca047d525eeb36cc47bce45ed0562dab40b0b8f5fa171600dde2fec509c0"
            ],
            "index": "pypi",
            "version": "==19.24.1"
        },
        "gaze-tracking": {
            "git": "https://github.com/tim-fan/GazeTracking.git",
            "ref": "202857f7a92fae64df3bb23739158565702bc120"
        },
        "numpy": {
            "hashes": [
                "sha256:0ec87a7084caa559c36e0a2309e4ecb1baa03b687201d0a847c8b0ed476a7187",
                "sha256:1a7d6acc2e7524c9955e5c903160aa4ea083736fde7e91276b0e5d98e6332812",
                "sha256:202de8f38fc4a45a3eea4b63e2f376e5f2dc64ef0fa692838e31a808520efaf7",
                "sha256:210461d87fb02a84ef243cac5e814aad2b7f4be953b32cb53327bb49fd77fbb4",
                "sha256:2d926b52ba1367f9acb76b0df6ed21f0b16a1ad87c6720a1121674e5cf63e2b6",
                "sha256:352ee00c7f8387b44d19f4cada524586f07379c0d49270f87233983bc5087ca0",
                "sha256:35400e6a8d102fd07c71ed7dcadd9eb62ee9a6e84ec159bd48c28235bbb0f8e4",
                "sha256:3c1104d3c036fb81ab923f507536daedc718d0ad5a8707c6061cdfd6d184e570",
                "sha256:4719d5aefb5189f50887773699eaf94e7d1e02bf36c1a9d353d9f46703758ca4",
                "sha256:4749e053a29364d3452c034827102ee100986903263e89884922ef01a0a6fd2f",
                "sha256:5342cf6aad47943286afa6f1609cad9b4266a05e7f2ec408e2cf7aea7ff69d80",
                "sha256:56e48aec79ae238f6e4395886b5eaed058abb7231fb3361ddd7bfdf4eed54289",
                "sha256:76e3f4e85fc5d4fd311f6e9b794d0c00e7002ec122be271f2019d63376f1d385",
                "sha256:7776ea65423ca6a15255ba1872d82d207bd1e09f6d0894ee4a64678dd2204078",
                "sha256:784c6da1a07818491b0ffd63c6bbe5a33deaa0e25a20e1b3ea20cf0e43f8046c",
                "sha256:8535303847b89aa6b0f00aa1dc62867b5a32923e4d1681a35b5eef2d9591a463",
                "sha256:9a7721ec204d3a237225db3e194c25268faf92e19338a35f3a224469cb6039a3",
                "sha256:a1d3c026f57ceaad42f8231305d4653d5f05dc6332a730ae5c0bea3513de0950",
                "sha256:ab344f1bf21f140adab8e47fdbc7c35a477dc01408791f8ba00d018dd0bc5155",
                "sha256:ab5f23af8c16022663a652d3b25dcdc272ac3f83c3af4c02eb8b824e6b3ab9d7",
                "sha256:ae8d0be48d1b6ed82588934aaaa179875e7dc4f3d84da18d7eae6eb3f06c242c",
                "sha256:c91c4afd8abc3908e00a44b2672718905b8611503f7ff87390cc0ac3423fb096",
                "sha256:d5036197ecae68d7f491fcdb4df90082b0d4960ca6599ba2659957aafced7c17",
                "sha256:d6cc757de514c00b24ae8cf5c876af2a7c3df189028d68c0cb4eaa9cd5afc2bf",
                "sha256:d933fabd8f6a319e8530d0de4fcc2e6a61917e0b0c271fded460032db42a0fe4",
                "sha256:ea8282b9bcfe2b5e7d491d0bf7f3e2da29700cec05b49e64d6246923329f2b02",
                "sha256:ecde0f8adef7dfdec993fd54b0f78183051b6580f606111a6d789cd14c61ea0c",
                "sha256:f21c442fdd2805e91799fbe044a7b999b8571bb0ab0f7850d0cb9641a687092b"
            ],
            "markers": "python_version >= '3.8'",
            "version": "==1.24.3"
        },
        "opencv-python": {
            "hashes": [
                "sha256:0630dfa57dbadd63f62eae6758c743ab7c18358940f34e8b9ee666c00d2e74fb",
                "sha256:0c2d5ebd08420079d6ebdec7a247f0284d403edd87647e9fbcc474c5adcb310b",
                "sha256:27cc4a3a4dc2d73c76374c636985ce45a8e40e79d015fb0e69677ff4547edd9c",
                "sha256:3484618b7cda6b94939f475342ff100455b863d2bb7a81ac8d2b1965c4e983b6",
                "sha256:447c5d9172713e026d4a742c5d3c167913dff133949ffc62fec5b6d1cb081b0b",
                "sha256:784acb4c6c1880e0b8fb124f2b79e10838f1c244b0220f812d2852c91bc80ae9",
                "sha256:9aecb4544d2e863f2fb9acffc47005f9c9733a307cdbca80babbef027c04e207"
            ],
            "index": "pypi",
            "version": "==3.4.18.65"
        },
        "websockets": {
            "hashes": [
                "sha256:0fb4480556825e4e6bf2eebdbeb130d9474c62705100c90e59f2f56459ddab42",
                "sha256:13bd5bebcd16a4b5e403061b8b9dcc5c77e7a71e3c57e072d8dff23e33f70fba",
                "sha256:143782041e95b63083b02107f31cda999f392903ae331de1307441f3a4557d51",
                "sha256:1b52def56d2a26e0e9c464f90cadb7e628e04f67b0ff3a76a4d9a18dfc35e3dd",
                "sha256:1df2413266bf48430ef2a752c49b93086c6bf192d708e4a9920544c74cd2baa6",
                "sha256:2174a75d579d811279855df5824676d851a69f52852edb0e7551e0eeac6f59a4",
                "sha256:220d5b93764dd70d7617f1663da64256df7e7ea31fc66bc52c0e3750ee134ae3",
                "sha256:232b6ba974f5d09b1b747ac232f3a3d8f86de401d7b565e837cc86988edf37ac",
                "sha256:25aae96c1060e85836552a113495db6d857400288161299d77b7b20f2ac569f2",
                "sha256:25e265686ea385f22a00cc2b719b880797cd1bb53b46dbde969e554fb458bfde",
                "sha256:2abeeae63154b7f63d9f764685b2d299e9141171b8b896688bd8baec6b3e2303",
                "sha256:2acdc82099999e44fa7bd8c886f03c70a22b1d53ae74252f389be30d64fd6004",
                "sha256:2eb042734e710d39e9bc58deab23a65bd2750e161436101488f8af92f183c239",
                "sha256:3178d965ec204773ab67985a09f5696ca6c3869afeed0bb51703ea404a24e975",
                "sha256:320ddceefd2364d4afe6576195201a3632a6f2e6d207b0c01333e965b22dbc84",
                "sha256:34a6f8996964ccaa40da42ee36aa1572adcb1e213665e24aa2f1037da6080909",
                "sha256:3565a8f8c7bdde7c29ebe46146bd191290413ee6f8e94cf350609720c075b0a1",
                "sha256:392d409178db1e46d1055e51cc850136d302434e12d412a555e5291ab810f622",
                "sha256:3a09cce3dacb6ad638fdfa3154d9e54a98efe7c8f68f000e55ca9c716496ca67",
                "sha256:3a2100b02d1aaf66dc48ff1b2a72f34f6ebc575a02bc0350cc8e9fbb35940166",
                "sha256:3b87cd302f08ea9e74fdc080470eddbed1e165113c1823fb3ee6328bc40ca1d3",
                "sha256:3e79065ff6549dd3c765e7916067e12a9c91df2affea0ac51bcd302aaf7ad207",
                "sha256:3ffe251a31f37e65b9b9aca5d2d67fd091c234e530f13d9dce4a67959d5a3fba",
                "sha256:46388a050d9e40316e58a3f0838c63caacb72f94129eb621a659a6e49bad27ce",
                "sha256:46dda4bc2030c335abe192b94e98686615f9274f6b56f32f2dd661fb303d9d12",
                "sha256:4c54086b2d2aec3c3cb887ad97e9c02c6be9f1d48381c7419a4aa932d31661e4",
                "sha256:5004c087d17251938a52cce21b3dbdabeecbbe432ce3f5bbbf15d8692c36eac9",
                "sha256:502683c5dedfc94b9f0f6790efb26aa0591526e8403ad443dce922cd6c0ec83b",
                "sha256:518ed6782d9916c5721ebd61bb7651d244178b74399028302c8617d0620af291",
                "sha256:580cc95c58118f8c39106be71e24d0b7e1ad11a155f40a2ee687f99b3e5e432e",
                "sha256:58477b041099bb504e1a5ddd8aa86302ed1d5c6995bdd3db2b3084ef0135d277",
                "sha256:5875f623a10b9ba154cb61967f940ab469039f0b5e61c80dd153a65f024d9fb7",
                "sha256:5c7de298371d913824f71b30f7685bb07ad13969c79679cca5b1f7f94fec012f",
                "sha256:634239bc844131863762865b75211a913c536817c0da27f691400d49d256df1d",
                "sha256:6d872c972c87c393e6a49c1afbdc596432df8c06d0ff7cd05aa18e885e7cfb7c",
                "sha256:752fbf420c71416fb1472fec1b4cb8631c1aa2be7149e0a5ba7e5771d75d2bb9",
                "sha256:7742cd4524622cc7aa71734b51294644492a961243c4fe67874971c4d3045982",
                "sha256:808b8a33c961bbd6d33c55908f7c137569b09ea7dd024bce969969aa04ecf07c",
                "sha256:87c69f50281126dcdaccd64d951fb57fbce272578d24efc59bce72cf264725d0",
                "sha256:8df63dcd955eb6b2e371d95aacf8b7c535e482192cff1b6ce927d8f43fb4f552",
                "sha256:8f24cd758cbe1607a91b720537685b64e4d39415649cac9177cd1257317cf30c",
                "sha256:8f392587eb2767afa8a34e909f2fec779f90b630622adc95d8b5e26ea8823cb8",
                "sha256:954eb789c960fa5daaed3cfe336abc066941a5d456ff6be8f0e03dd89886bb4c",
                "sha256:955fcdb304833df2e172ce2492b7b47b4aab5dcc035a10e093d911a1916f2c87",
                "sha256:95c09427c1c57206fe04277bf871b396476d5a8857fa1b99703283ee497c7a5d",
                "sha256:a4fe2442091ff71dee0769a10449420fd5d3b606c590f78dd2b97d94b7455640",
                "sha256:aa7b33c1fb2f7b7b9820f93a5d61ffd47f5a91711bc5fa4583bbe0c0601ec0b2",
                "sha256:adf6385f677ed2e0b021845b36f55c43f171dab3a9ee0ace94da67302f1bc364",
                "sha256:b1a69701eb98ed83dd099de4a686dc892c413d974fa31602bc00aca7cb988ac9",
                "sha256:b2a573c8d71b7af937852b61e7ccb37151d719974146b5dc734aad350ef55a02",
                "sha256:b444366b605d2885f0034dd889faf91b4b47668dd125591e2c64bfde611ac7e1",
                "sha256:b985ba2b9e972cf99ddffc07df1a314b893095f62c75bc7c5354a9c4647c6503",
                "sha256:c78ca3037a954a4209b9f900e0eabbc471fb4ebe96914016281df2c974a93e3e",
                "sha256:ca9b2dced5cbbc5094678cc1ec62160f7b0fe4defd601cd28a36fde7ee71bbb5",
                "sha256:cb46d2c7631b2e6f10f7c8bac7854f7c5e5288f024f1c137d4633c79ead1e3c0",
                "sha256:ce69f5c742eefd039dce8622e99d811ef2135b69d10f9aa79fbf2fdcc1e56cd7",
                "sha256:cf45d273202b0c1cec0f03a7972c655b93611f2e996669667414557230a87b88",
                "sha256:d1881518b488a920434a271a6e8a5c9481a67c4f6352ebbdd249b789c0467ddc",
                "sha256:d3cc3e48b6c9f7df8c3798004b9c4b92abca09eeea5e1b0a39698f05b7a33b9d",
                "sha256:d6b2bfa1d884c254b841b0ff79373b6b80779088df6704f034858e4d705a4802",
                "sha256:d70a438ef2a22a581d65ad7648e949d4ccd20e3c8ed7a90bbc46df4e60320891",
                "sha256:daa1e8ea47507555ed7a34f8b49398d33dff5b8548eae3de1dc0ef0607273a33",
                "sha256:dca9708eea9f9ed300394d4775beb2667288e998eb6f542cdb6c02027430c599",
                "sha256:dd906b0cdc417ea7a5f13bb3c6ca3b5fd563338dc596996cb0fdd7872d691c0a",
                "sha256:e0eeeea3b01c97fd3b5049a46c908823f68b59bf0e18d79b231d8d6764bc81ee",
                "sha256:e37a76ccd483a6457580077d43bc3dfe1fd784ecb2151fcb9d1c73f424deaeba",
                "sha256:e8b967a4849db6b567dec3f7dd5d97b15ce653e3497b8ce0814e470d5e074750",
                "sha256:ec00401846569aaf018700249996143f567d50050c5b7b650148989f956547af",
                "sha256:ede13a6998ba2568b21825809d96e69a38dc43184bdeebbde3699c8baa21d015",
                "sha256:f97e03d4d5a4f0dca739ea274be9092822f7430b77d25aa02da6775e490f6846"
            ],
            "index": "pypi",
            "version": "==11.0.2"
        }
    },
    "develop": {}
}
